// !$*UTF8*$!
{
	archiveVersion = 1;
	classes = {
	};
	objectVersion = 46;
	objects = {

/* Begin PBXBuildFile section */
		1A1D355A1E780C830033C54A /* EmployeesViewModel.swift in Sources */ = {isa = PBXBuildFile; fileRef = 1A1D35591E780C830033C54A /* EmployeesViewModel.swift */; };
		1A1D355C1E7939760033C54A /* WageViewmodel.swift in Sources */ = {isa = PBXBuildFile; fileRef = 1A1D355B1E7939760033C54A /* WageViewmodel.swift */; };
		1A39C0DB1E75484700A818F7 /* AppDelegate.swift in Sources */ = {isa = PBXBuildFile; fileRef = 1A39C0DA1E75484700A818F7 /* AppDelegate.swift */; };
		1A39C0DD1E75484700A818F7 /* EmployeesViewController.swift in Sources */ = {isa = PBXBuildFile; fileRef = 1A39C0DC1E75484700A818F7 /* EmployeesViewController.swift */; };
		1A39C0E21E75484700A818F7 /* Assets.xcassets in Resources */ = {isa = PBXBuildFile; fileRef = 1A39C0E11E75484700A818F7 /* Assets.xcassets */; };
		1A39C0E51E75484700A818F7 /* LaunchScreen.storyboard in Resources */ = {isa = PBXBuildFile; fileRef = 1A39C0E31E75484700A818F7 /* LaunchScreen.storyboard */; };
		1A39C0F01E75484700A818F7 /* WageCalculatorTests.swift in Sources */ = {isa = PBXBuildFile; fileRef = 1A39C0EF1E75484700A818F7 /* WageCalculatorTests.swift */; };
		1A39C0FF1E7548CE00A818F7 /* HourList201403.csv in Resources */ = {isa = PBXBuildFile; fileRef = 1A39C0FE1E7548CE00A818F7 /* HourList201403.csv */; };
		1A39C1031E7554E100A818F7 /* Employee.swift in Sources */ = {isa = PBXBuildFile; fileRef = 1A39C1021E7554E100A818F7 /* Employee.swift */; };
		1A39C1061E7560E400A818F7 /* Extension.swift in Sources */ = {isa = PBXBuildFile; fileRef = 1A39C1051E7560E400A818F7 /* Extension.swift */; };
		1AFAFBC41E7AA05200FF9262 /* EmployeeDetailViewController.swift in Sources */ = {isa = PBXBuildFile; fileRef = 1AFAFBC31E7AA05200FF9262 /* EmployeeDetailViewController.swift */; };
		1AFAFBC61E7AA0A000FF9262 /* EmployeeDetailView.swift in Sources */ = {isa = PBXBuildFile; fileRef = 1AFAFBC51E7AA0A000FF9262 /* EmployeeDetailView.swift */; };
		1AFAFBC81E7AA11900FF9262 /* profilePic.png in Resources */ = {isa = PBXBuildFile; fileRef = 1AFAFBC71E7AA11900FF9262 /* profilePic.png */; };
		C05BB2432836445437C76D56 /* Pods_WageCalculator.framework in Frameworks */ = {isa = PBXBuildFile; fileRef = 126DCD19BFC5FB86A3679FE9 /* Pods_WageCalculator.framework */; };
/* End PBXBuildFile section */

/* Begin PBXContainerItemProxy section */
		1A39C0EC1E75484700A818F7 /* PBXContainerItemProxy */ = {
			isa = PBXContainerItemProxy;
			containerPortal = 1A39C0CF1E75484600A818F7 /* Project object */;
			proxyType = 1;
			remoteGlobalIDString = 1A39C0D61E75484600A818F7;
			remoteInfo = WageCalculator;
		};
/* End PBXContainerItemProxy section */

/* Begin PBXFileReference section */
		126DCD19BFC5FB86A3679FE9 /* Pods_WageCalculator.framework */ = {isa = PBXFileReference; explicitFileType = wrapper.framework; includeInIndex = 0; path = Pods_WageCalculator.framework; sourceTree = BUILT_PRODUCTS_DIR; };
		1A1D35591E780C830033C54A /* EmployeesViewModel.swift */ = {isa = PBXFileReference; fileEncoding = 4; lastKnownFileType = sourcecode.swift; path = EmployeesViewModel.swift; sourceTree = "<group>"; };
		1A1D355B1E7939760033C54A /* WageViewmodel.swift */ = {isa = PBXFileReference; fileEncoding = 4; lastKnownFileType = sourcecode.swift; path = WageViewmodel.swift; sourceTree = "<group>"; };
		1A39C0D71E75484700A818F7 /* WageCalculator.app */ = {isa = PBXFileReference; explicitFileType = wrapper.application; includeInIndex = 0; path = WageCalculator.app; sourceTree = BUILT_PRODUCTS_DIR; };
		1A39C0DA1E75484700A818F7 /* AppDelegate.swift */ = {isa = PBXFileReference; lastKnownFileType = sourcecode.swift; path = AppDelegate.swift; sourceTree = "<group>"; };
		1A39C0DC1E75484700A818F7 /* EmployeesViewController.swift */ = {isa = PBXFileReference; lastKnownFileType = sourcecode.swift; path = EmployeesViewController.swift; sourceTree = "<group>"; };
		1A39C0E11E75484700A818F7 /* Assets.xcassets */ = {isa = PBXFileReference; lastKnownFileType = folder.assetcatalog; path = Assets.xcassets; sourceTree = "<group>"; };
		1A39C0E41E75484700A818F7 /* Base */ = {isa = PBXFileReference; lastKnownFileType = file.storyboard; name = Base; path = Base.lproj/LaunchScreen.storyboard; sourceTree = "<group>"; };
		1A39C0E61E75484700A818F7 /* Info.plist */ = {isa = PBXFileReference; lastKnownFileType = text.plist.xml; path = Info.plist; sourceTree = "<group>"; };
		1A39C0EB1E75484700A818F7 /* WageCalculatorTests.xctest */ = {isa = PBXFileReference; explicitFileType = wrapper.cfbundle; includeInIndex = 0; path = WageCalculatorTests.xctest; sourceTree = BUILT_PRODUCTS_DIR; };
		1A39C0EF1E75484700A818F7 /* WageCalculatorTests.swift */ = {isa = PBXFileReference; lastKnownFileType = sourcecode.swift; path = WageCalculatorTests.swift; sourceTree = "<group>"; };
		1A39C0F11E75484700A818F7 /* Info.plist */ = {isa = PBXFileReference; lastKnownFileType = text.plist.xml; path = Info.plist; sourceTree = "<group>"; };
		1A39C0FE1E7548CE00A818F7 /* HourList201403.csv */ = {isa = PBXFileReference; fileEncoding = 4; lastKnownFileType = text; path = HourList201403.csv; sourceTree = "<group>"; };
		1A39C1021E7554E100A818F7 /* Employee.swift */ = {isa = PBXFileReference; fileEncoding = 4; lastKnownFileType = sourcecode.swift; path = Employee.swift; sourceTree = "<group>"; };
		1A39C1051E7560E400A818F7 /* Extension.swift */ = {isa = PBXFileReference; fileEncoding = 4; lastKnownFileType = sourcecode.swift; path = Extension.swift; sourceTree = "<group>"; };
		1AFAFBC31E7AA05200FF9262 /* EmployeeDetailViewController.swift */ = {isa = PBXFileReference; fileEncoding = 4; lastKnownFileType = sourcecode.swift; path = EmployeeDetailViewController.swift; sourceTree = "<group>"; };
		1AFAFBC51E7AA0A000FF9262 /* EmployeeDetailView.swift */ = {isa = PBXFileReference; fileEncoding = 4; lastKnownFileType = sourcecode.swift; path = EmployeeDetailView.swift; sourceTree = "<group>"; };
		1AFAFBC71E7AA11900FF9262 /* profilePic.png */ = {isa = PBXFileReference; lastKnownFileType = image.png; path = profilePic.png; sourceTree = "<group>"; };
		781B5649E26C334B88CB5017 /* Pods-WageCalculator.debug.xcconfig */ = {isa = PBXFileReference; includeInIndex = 1; lastKnownFileType = text.xcconfig; name = "Pods-WageCalculator.debug.xcconfig"; path = "Pods/Target Support Files/Pods-WageCalculator/Pods-WageCalculator.debug.xcconfig"; sourceTree = "<group>"; };
		883B9FE6E840E15AF11BCDC9 /* Pods-WageCalculator.release.xcconfig */ = {isa = PBXFileReference; includeInIndex = 1; lastKnownFileType = text.xcconfig; name = "Pods-WageCalculator.release.xcconfig"; path = "Pods/Target Support Files/Pods-WageCalculator/Pods-WageCalculator.release.xcconfig"; sourceTree = "<group>"; };
/* End PBXFileReference section */

/* Begin PBXFrameworksBuildPhase section */
		1A39C0D41E75484600A818F7 /* Frameworks */ = {
			isa = PBXFrameworksBuildPhase;
			buildActionMask = 2147483647;
			files = (
				C05BB2432836445437C76D56 /* Pods_WageCalculator.framework in Frameworks */,
			);
			runOnlyForDeploymentPostprocessing = 0;
		};
		1A39C0E81E75484700A818F7 /* Frameworks */ = {
			isa = PBXFrameworksBuildPhase;
			buildActionMask = 2147483647;
			files = (
			);
			runOnlyForDeploymentPostprocessing = 0;
		};
/* End PBXFrameworksBuildPhase section */

/* Begin PBXGroup section */
		1A1D35581E780C620033C54A /* ViewModel */ = {
			isa = PBXGroup;
			children = (
				1A1D35591E780C830033C54A /* EmployeesViewModel.swift */,
				1A1D355B1E7939760033C54A /* WageViewmodel.swift */,
			);
			name = ViewModel;
			sourceTree = "<group>";
		};
		1A39C0CE1E75484600A818F7 = {
			isa = PBXGroup;
			children = (
				1A39C0D91E75484700A818F7 /* WageCalculator */,
				1A39C0EE1E75484700A818F7 /* WageCalculatorTests */,
				1A39C0D81E75484700A818F7 /* Products */,
				7D5842B9A1DBB33CA4C81ED8 /* Pods */,
				A17782FCE3E250D4521C6B76 /* Frameworks */,
			);
			sourceTree = "<group>";
		};
		1A39C0D81E75484700A818F7 /* Products */ = {
			isa = PBXGroup;
			children = (
				1A39C0D71E75484700A818F7 /* WageCalculator.app */,
				1A39C0EB1E75484700A818F7 /* WageCalculatorTests.xctest */,
			);
			name = Products;
			sourceTree = "<group>";
		};
		1A39C0D91E75484700A818F7 /* WageCalculator */ = {
			isa = PBXGroup;
			children = (
				1A1D35581E780C620033C54A /* ViewModel */,
				1A39C1041E7560BE00A818F7 /* Extensions */,
				1A39C0FD1E75487400A818F7 /* Models */,
				1A39C0FC1E75486100A818F7 /* Resources */,
				1A39C0FB1E75485500A818F7 /* ViewControllers */,
				1A39C0FA1E75484F00A818F7 /* Views */,
				1A39C0DA1E75484700A818F7 /* AppDelegate.swift */,
			);
			path = WageCalculator;
			sourceTree = "<group>";
		};
		1A39C0EE1E75484700A818F7 /* WageCalculatorTests */ = {
			isa = PBXGroup;
			children = (
				1A39C0EF1E75484700A818F7 /* WageCalculatorTests.swift */,
				1A39C0F11E75484700A818F7 /* Info.plist */,
			);
			path = WageCalculatorTests;
			sourceTree = "<group>";
		};
		1A39C0FA1E75484F00A818F7 /* Views */ = {
			isa = PBXGroup;
			children = (
				1AFAFBC51E7AA0A000FF9262 /* EmployeeDetailView.swift */,
			);
			name = Views;
			sourceTree = "<group>";
		};
		1A39C0FB1E75485500A818F7 /* ViewControllers */ = {
			isa = PBXGroup;
			children = (
				1A39C0DC1E75484700A818F7 /* EmployeesViewController.swift */,
				1AFAFBC31E7AA05200FF9262 /* EmployeeDetailViewController.swift */,
			);
			name = ViewControllers;
			sourceTree = "<group>";
		};
		1A39C0FC1E75486100A818F7 /* Resources */ = {
			isa = PBXGroup;
			children = (
				1AFAFBC71E7AA11900FF9262 /* profilePic.png */,
				1A39C0FE1E7548CE00A818F7 /* HourList201403.csv */,
				1A39C0E61E75484700A818F7 /* Info.plist */,
				1A39C0E11E75484700A818F7 /* Assets.xcassets */,
				1A39C0E31E75484700A818F7 /* LaunchScreen.storyboard */,
			);
			name = Resources;
			sourceTree = "<group>";
		};
		1A39C0FD1E75487400A818F7 /* Models */ = {
			isa = PBXGroup;
			children = (
				1A39C1021E7554E100A818F7 /* Employee.swift */,
			);
			name = Models;
			sourceTree = "<group>";
		};
		1A39C1041E7560BE00A818F7 /* Extensions */ = {
			isa = PBXGroup;
			children = (
				1A39C1051E7560E400A818F7 /* Extension.swift */,
			);
			name = Extensions;
			sourceTree = "<group>";
		};
		7D5842B9A1DBB33CA4C81ED8 /* Pods */ = {
			isa = PBXGroup;
			children = (
				781B5649E26C334B88CB5017 /* Pods-WageCalculator.debug.xcconfig */,
				883B9FE6E840E15AF11BCDC9 /* Pods-WageCalculator.release.xcconfig */,
			);
			name = Pods;
			sourceTree = "<group>";
		};
		A17782FCE3E250D4521C6B76 /* Frameworks */ = {
			isa = PBXGroup;
			children = (
				126DCD19BFC5FB86A3679FE9 /* Pods_WageCalculator.framework */,
			);
			name = Frameworks;
			sourceTree = "<group>";
		};
/* End PBXGroup section */

/* Begin PBXNativeTarget section */
		1A39C0D61E75484600A818F7 /* WageCalculator */ = {
			isa = PBXNativeTarget;
			buildConfigurationList = 1A39C0F41E75484700A818F7 /* Build configuration list for PBXNativeTarget "WageCalculator" */;
			buildPhases = (
				351CC468CD2360F7D3A2622D /* [CP] Check Pods Manifest.lock */,
				1A39C0D31E75484600A818F7 /* Sources */,
				1A39C0D41E75484600A818F7 /* Frameworks */,
				1A39C0D51E75484600A818F7 /* Resources */,
				FBC23F759D8967E1C0B72F27 /* [CP] Embed Pods Frameworks */,
				3B02994DA242D86E4AA54608 /* [CP] Copy Pods Resources */,
			);
			buildRules = (
			);
			dependencies = (
			);
			name = WageCalculator;
			productName = WageCalculator;
			productReference = 1A39C0D71E75484700A818F7 /* WageCalculator.app */;
			productType = "com.apple.product-type.application";
		};
		1A39C0EA1E75484700A818F7 /* WageCalculatorTests */ = {
			isa = PBXNativeTarget;
			buildConfigurationList = 1A39C0F71E75484700A818F7 /* Build configuration list for PBXNativeTarget "WageCalculatorTests" */;
			buildPhases = (
				1A39C0E71E75484700A818F7 /* Sources */,
				1A39C0E81E75484700A818F7 /* Frameworks */,
				1A39C0E91E75484700A818F7 /* Resources */,
			);
			buildRules = (
			);
			dependencies = (
				1A39C0ED1E75484700A818F7 /* PBXTargetDependency */,
			);
			name = WageCalculatorTests;
			productName = WageCalculatorTests;
			productReference = 1A39C0EB1E75484700A818F7 /* WageCalculatorTests.xctest */;
			productType = "com.apple.product-type.bundle.unit-test";
		};
/* End PBXNativeTarget section */

/* Begin PBXProject section */
		1A39C0CF1E75484600A818F7 /* Project object */ = {
			isa = PBXProject;
			attributes = {
				LastSwiftUpdateCheck = 0820;
				LastUpgradeCheck = 0820;
				ORGANIZATIONNAME = "___HANADEMAS___";
				TargetAttributes = {
					1A39C0D61E75484600A818F7 = {
						CreatedOnToolsVersion = 8.2.1;
						DevelopmentTeam = JQ99DJ6SM6;
						ProvisioningStyle = Automatic;
					};
					1A39C0EA1E75484700A818F7 = {
						CreatedOnToolsVersion = 8.2.1;
						ProvisioningStyle = Automatic;
						TestTargetID = 1A39C0D61E75484600A818F7;
					};
				};
			};
			buildConfigurationList = 1A39C0D21E75484600A818F7 /* Build configuration list for PBXProject "WageCalculator" */;
			compatibilityVersion = "Xcode 3.2";
			developmentRegion = English;
			hasScannedForEncodings = 0;
			knownRegions = (
				en,
				Base,
			);
			mainGroup = 1A39C0CE1E75484600A818F7;
			productRefGroup = 1A39C0D81E75484700A818F7 /* Products */;
			projectDirPath = "";
			projectRoot = "";
			targets = (
				1A39C0D61E75484600A818F7 /* WageCalculator */,
				1A39C0EA1E75484700A818F7 /* WageCalculatorTests */,
			);
		};
/* End PBXProject section */

/* Begin PBXResourcesBuildPhase section */
		1A39C0D51E75484600A818F7 /* Resources */ = {
			isa = PBXResourcesBuildPhase;
			buildActionMask = 2147483647;
			files = (
				1A39C0FF1E7548CE00A818F7 /* HourList201403.csv in Resources */,
				1A39C0E51E75484700A818F7 /* LaunchScreen.storyboard in Resources */,
				1AFAFBC81E7AA11900FF9262 /* profilePic.png in Resources */,
				1A39C0E21E75484700A818F7 /* Assets.xcassets in Resources */,
			);
			runOnlyForDeploymentPostprocessing = 0;
		};
		1A39C0E91E75484700A818F7 /* Resources */ = {
			isa = PBXResourcesBuildPhase;
			buildActionMask = 2147483647;
			files = (
			);
			runOnlyForDeploymentPostprocessing = 0;
		};
/* End PBXResourcesBuildPhase section */

/* Begin PBXShellScriptBuildPhase section */
		351CC468CD2360F7D3A2622D /* [CP] Check Pods Manifest.lock */ = {
			isa = PBXShellScriptBuildPhase;
			buildActionMask = 2147483647;
			files = (
			);
			inputPaths = (
			);
			name = "[CP] Check Pods Manifest.lock";
			outputPaths = (
			);
			runOnlyForDeploymentPostprocessing = 0;
			shellPath = /bin/sh;
			shellScript = "diff \"${PODS_ROOT}/../Podfile.lock\" \"${PODS_ROOT}/Manifest.lock\" > /dev/null\nif [ $? != 0 ] ; then\n    # print error to STDERR\n    echo \"error: The sandbox is not in sync with the Podfile.lock. Run 'pod install' or update your CocoaPods installation.\" >&2\n    exit 1\nfi\n";
			showEnvVarsInLog = 0;
		};
		3B02994DA242D86E4AA54608 /* [CP] Copy Pods Resources */ = {
			isa = PBXShellScriptBuildPhase;
			buildActionMask = 2147483647;
			files = (
			);
			inputPaths = (
			);
			name = "[CP] Copy Pods Resources";
			outputPaths = (
			);
			runOnlyForDeploymentPostprocessing = 0;
			shellPath = /bin/sh;
			shellScript = "\"${SRCROOT}/Pods/Target Support Files/Pods-WageCalculator/Pods-WageCalculator-resources.sh\"\n";
			showEnvVarsInLog = 0;
		};
		FBC23F759D8967E1C0B72F27 /* [CP] Embed Pods Frameworks */ = {
			isa = PBXShellScriptBuildPhase;
			buildActionMask = 2147483647;
			files = (
			);
			inputPaths = (
			);
			name = "[CP] Embed Pods Frameworks";
			outputPaths = (
			);
			runOnlyForDeploymentPostprocessing = 0;
			shellPath = /bin/sh;
			shellScript = "\"${SRCROOT}/Pods/Target Support Files/Pods-WageCalculator/Pods-WageCalculator-frameworks.sh\"\n";
			showEnvVarsInLog = 0;
		};
/* End PBXShellScriptBuildPhase section */

/* Begin PBXSourcesBuildPhase section */
		1A39C0D31E75484600A818F7 /* Sources */ = {
			isa = PBXSourcesBuildPhase;
			buildActionMask = 2147483647;
			files = (
				1A39C0DD1E75484700A818F7 /* EmployeesViewController.swift in Sources */,
				1AFAFBC61E7AA0A000FF9262 /* EmployeeDetailView.swift in Sources */,
				1A39C1031E7554E100A818F7 /* Employee.swift in Sources */,
				1A39C0DB1E75484700A818F7 /* AppDelegate.swift in Sources */,
				1A1D355A1E780C830033C54A /* EmployeesViewModel.swift in Sources */,
				1A1D355C1E7939760033C54A /* WageViewmodel.swift in Sources */,
				1AFAFBC41E7AA05200FF9262 /* EmployeeDetailViewController.swift in Sources */,
				1A39C1061E7560E400A818F7 /* Extension.swift in Sources */,
			);
			runOnlyForDeploymentPostprocessing = 0;
		};
		1A39C0E71E75484700A818F7 /* Sources */ = {
			isa = PBXSourcesBuildPhase;
			buildActionMask = 2147483647;
			files = (
				1A39C0F01E75484700A818F7 /* WageCalculatorTests.swift in Sources */,
			);
			runOnlyForDeploymentPostprocessing = 0;
		};
/* End PBXSourcesBuildPhase section */

/* Begin PBXTargetDependency section */
		1A39C0ED1E75484700A818F7 /* PBXTargetDependency */ = {
			isa = PBXTargetDependency;
			target = 1A39C0D61E75484600A818F7 /* WageCalculator */;
			targetProxy = 1A39C0EC1E75484700A818F7 /* PBXContainerItemProxy */;
		};
/* End PBXTargetDependency section */

/* Begin PBXVariantGroup section */
		1A39C0E31E75484700A818F7 /* LaunchScreen.storyboard */ = {
			isa = PBXVariantGroup;
			children = (
				1A39C0E41E75484700A818F7 /* Base */,
			);
			name = LaunchScreen.storyboard;
			sourceTree = "<group>";
		};
/* End PBXVariantGroup section */

/* Begin XCBuildConfiguration section */
		1A39C0F21E75484700A818F7 /* Debug */ = {
			isa = XCBuildConfiguration;
			buildSettings = {
				ALWAYS_SEARCH_USER_PATHS = NO;
				CLANG_ANALYZER_NONNULL = YES;
				CLANG_CXX_LANGUAGE_STANDARD = "gnu++0x";
				CLANG_CXX_LIBRARY = "libc++";
				CLANG_ENABLE_MODULES = YES;
				CLANG_ENABLE_OBJC_ARC = YES;
				CLANG_WARN_BOOL_CONVERSION = YES;
				CLANG_WARN_CONSTANT_CONVERSION = YES;
				CLANG_WARN_DIRECT_OBJC_ISA_USAGE = YES_ERROR;
				CLANG_WARN_DOCUMENTATION_COMMENTS = YES;
				CLANG_WARN_EMPTY_BODY = YES;
				CLANG_WARN_ENUM_CONVERSION = YES;
				CLANG_WARN_INFINITE_RECURSION = YES;
				CLANG_WARN_INT_CONVERSION = YES;
				CLANG_WARN_OBJC_ROOT_CLASS = YES_ERROR;
				CLANG_WARN_SUSPICIOUS_MOVE = YES;
				CLANG_WARN_UNREACHABLE_CODE = YES;
				CLANG_WARN__DUPLICATE_METHOD_MATCH = YES;
				"CODE_SIGN_IDENTITY[sdk=iphoneos*]" = "iPhone Developer";
				COPY_PHASE_STRIP = NO;
				DEBUG_INFORMATION_FORMAT = dwarf;
				ENABLE_STRICT_OBJC_MSGSEND = YES;
				ENABLE_TESTABILITY = YES;
				GCC_C_LANGUAGE_STANDARD = gnu99;
				GCC_DYNAMIC_NO_PIC = NO;
				GCC_NO_COMMON_BLOCKS = YES;
				GCC_OPTIMIZATION_LEVEL = 0;
				GCC_PREPROCESSOR_DEFINITIONS = (
					"DEBUG=1",
					"$(inherited)",
				);
				GCC_WARN_64_TO_32_BIT_CONVERSION = YES;
				GCC_WARN_ABOUT_RETURN_TYPE = YES_ERROR;
				GCC_WARN_UNDECLARED_SELECTOR = YES;
				GCC_WARN_UNINITIALIZED_AUTOS = YES_AGGRESSIVE;
				GCC_WARN_UNUSED_FUNCTION = YES;
				GCC_WARN_UNUSED_VARIABLE = YES;
				IPHONEOS_DEPLOYMENT_TARGET = 10.2;
				MTL_ENABLE_DEBUG_INFO = YES;
				ONLY_ACTIVE_ARCH = YES;
				SDKROOT = iphoneos;
				SWIFT_ACTIVE_COMPILATION_CONDITIONS = DEBUG;
				SWIFT_OPTIMIZATION_LEVEL = "-Onone";
			};
			name = Debug;
		};
		1A39C0F31E75484700A818F7 /* Release */ = {
			isa = XCBuildConfiguration;
			buildSettings = {
				ALWAYS_SEARCH_USER_PATHS = NO;
				CLANG_ANALYZER_NONNULL = YES;
				CLANG_CXX_LANGUAGE_STANDARD = "gnu++0x";
				CLANG_CXX_LIBRARY = "libc++";
				CLANG_ENABLE_MODULES = YES;
				CLANG_ENABLE_OBJC_ARC = YES;
				CLANG_WARN_BOOL_CONVERSION = YES;
				CLANG_WARN_CONSTANT_CONVERSION = YES;
				CLANG_WARN_DIRECT_OBJC_ISA_USAGE = YES_ERROR;
				CLANG_WARN_DOCUMENTATION_COMMENTS = YES;
				CLANG_WARN_EMPTY_BODY = YES;
				CLANG_WARN_ENUM_CONVERSION = YES;
				CLANG_WARN_INFINITE_RECURSION = YES;
				CLANG_WARN_INT_CONVERSION = YES;
				CLANG_WARN_OBJC_ROOT_CLASS = YES_ERROR;
				CLANG_WARN_SUSPICIOUS_MOVE = YES;
				CLANG_WARN_UNREACHABLE_CODE = YES;
				CLANG_WARN__DUPLICATE_METHOD_MATCH = YES;
				"CODE_SIGN_IDENTITY[sdk=iphoneos*]" = "iPhone Developer";
				COPY_PHASE_STRIP = NO;
				DEBUG_INFORMATION_FORMAT = "dwarf-with-dsym";
				ENABLE_NS_ASSERTIONS = NO;
				ENABLE_STRICT_OBJC_MSGSEND = YES;
				GCC_C_LANGUAGE_STANDARD = gnu99;
				GCC_NO_COMMON_BLOCKS = YES;
				GCC_WARN_64_TO_32_BIT_CONVERSION = YES;
				GCC_WARN_ABOUT_RETURN_TYPE = YES_ERROR;
				GCC_WARN_UNDECLARED_SELECTOR = YES;
				GCC_WARN_UNINITIALIZED_AUTOS = YES_AGGRESSIVE;
				GCC_WARN_UNUSED_FUNCTION = YES;
				GCC_WARN_UNUSED_VARIABLE = YES;
				IPHONEOS_DEPLOYMENT_TARGET = 10.2;
				MTL_ENABLE_DEBUG_INFO = NO;
				SDKROOT = iphoneos;
				SWIFT_OPTIMIZATION_LEVEL = "-Owholemodule";
				VALIDATE_PRODUCT = YES;
			};
			name = Release;
		};
		1A39C0F51E75484700A818F7 /* Debug */ = {
			isa = XCBuildConfiguration;
			baseConfigurationReference = 781B5649E26C334B88CB5017 /* Pods-WageCalculator.debug.xcconfig */;
			buildSettings = {
				ASSETCATALOG_COMPILER_APPICON_NAME = AppIcon;
				DEVELOPMENT_TEAM = JQ99DJ6SM6;
				INFOPLIST_FILE = WageCalculator/Info.plist;
				LD_RUNPATH_SEARCH_PATHS = "$(inherited) @executable_path/Frameworks";
				PRODUCT_BUNDLE_IDENTIFIER = HANABELETE.WageCalculator;
				PRODUCT_NAME = "$(TARGET_NAME)";
				SWIFT_VERSION = 3.0;
			};
			name = Debug;
		};
		1A39C0F61E75484700A818F7 /* Release */ = {
			isa = XCBuildConfiguration;
			baseConfigurationReference = 883B9FE6E840E15AF11BCDC9 /* Pods-WageCalculator.release.xcconfig */;
			buildSettings = {
				ASSETCATALOG_COMPILER_APPICON_NAME = AppIcon;
				DEVELOPMENT_TEAM = JQ99DJ6SM6;
				INFOPLIST_FILE = WageCalculator/Info.plist;
				LD_RUNPATH_SEARCH_PATHS = "$(inherited) @executable_path/Frameworks";
				PRODUCT_BUNDLE_IDENTIFIER = HANABELETE.WageCalculator;
				PRODUCT_NAME = "$(TARGET_NAME)";
				SWIFT_VERSION = 3.0;
			};
			name = Release;
		};
		1A39C0F81E75484700A818F7 /* Debug */ = {
			isa = XCBuildConfiguration;
			buildSettings = {
				ALWAYS_EMBED_SWIFT_STANDARD_LIBRARIES = YES;
				BUNDLE_LOADER = "$(TEST_HOST)";
				INFOPLIST_FILE = WageCalculatorTests/Info.plist;
				LD_RUNPATH_SEARCH_PATHS = "$(inherited) @executable_path/Frameworks @loader_path/Frameworks";
				PRODUCT_BUNDLE_IDENTIFIER = HANABELETE.WageCalculatorTests;
				PRODUCT_NAME = "$(TARGET_NAME)";
				SWIFT_VERSION = 3.0;
				TEST_HOST = "$(BUILT_PRODUCTS_DIR)/WageCalculator.app/WageCalculator";
			};
			name = Debug;
		};
		1A39C0F91E75484700A818F7 /* Release */ = {
			isa = XCBuildConfiguration;
			buildSettings = {
				ALWAYS_EMBED_SWIFT_STANDARD_LIBRARIES = YES;
				BUNDLE_LOADER = "$(TEST_HOST)";
				INFOPLIST_FILE = WageCalculatorTests/Info.plist;
				LD_RUNPATH_SEARCH_PATHS = "$(inherited) @executable_path/Frameworks @loader_path/Frameworks";
				PRODUCT_BUNDLE_IDENTIFIER = HANABELETE.WageCalculatorTests;
				PRODUCT_NAME = "$(TARGET_NAME)";
				SWIFT_VERSION = 3.0;
				TEST_HOST = "$(BUILT_PRODUCTS_DIR)/WageCalculator.app/WageCalculator";
			};
			name = Release;
		};
/* End XCBuildConfiguration section */

/* Begin XCConfigurationList section */
		1A39C0D21E75484600A818F7 /* Build configuration list for PBXProject "WageCalculator" */ = {
			isa = XCConfigurationList;
			buildConfigurations = (
				1A39C0F21E75484700A818F7 /* Debug */,
				1A39C0F31E75484700A818F7 /* Release */,
			);
			defaultConfigurationIsVisible = 0;
			defaultConfigurationName = Release;
		};
		1A39C0F41E75484700A818F7 /* Build configuration list for PBXNativeTarget "WageCalculator" */ = {
			isa = XCConfigurationList;
			buildConfigurations = (
				1A39C0F51E75484700A818F7 /* Debug */,
				1A39C0F61E75484700A818F7 /* Release */,
			);
			defaultConfigurationIsVisible = 0;
			defaultConfigurationName = Release;
		};
		1A39C0F71E75484700A818F7 /* Build configuration list for PBXNativeTarget "WageCalculatorTests" */ = {
			isa = XCConfigurationList;
			buildConfigurations = (
				1A39C0F81E75484700A818F7 /* Debug */,
				1A39C0F91E75484700A818F7 /* Release */,
			);
			defaultConfigurationIsVisible = 0;
			defaultConfigurationName = Release;
		};
/* End XCConfigurationList section */
	};
	rootObject = 1A39C0CF1E75484600A818F7 /* Project object */;
}
